
Microsoft Visual Studio Solution File, Format Version 11.00
# Visual Studio 2010
Project("{FAE04EC0-301F-11D3-BF4B-00C04F79EFBC}") = "DriveSimulator", "Assembly-CSharp-firstpass.csproj", "{45C2D4FF-53B7-5858-4F8B-440B386B975F}"
EndProject
Project("{FAE04EC0-301F-11D3-BF4B-00C04F79EFBC}") = "DriveSimulator", "Assembly-CSharp.csproj", "{9E3F2BD1-676D-AAEA-CCCE-28AA30024F1C}"
EndProject
Project("{FAE04EC0-301F-11D3-BF4B-00C04F79EFBC}") = "DriveSimulator", "Assembly-CSharp-Editor.csproj", "{11CC3037-439E-DDF9-57FA-FEAB8ABD9F7D}"
EndProject
Global
	GlobalSection(SolutionConfigurationPlatforms) = preSolution
		Debug|Any CPU = Debug|Any CPU
		Release|Any CPU = Release|Any CPU
	EndGlobalSection
	GlobalSection(ProjectConfigurationPlatforms) = postSolution
		{45C2D4FF-53B7-5858-4F8B-440B386B975F}.Debug|Any CPU.ActiveCfg = Debug|Any CPU
		{45C2D4FF-53B7-5858-4F8B-440B386B975F}.Debug|Any CPU.Build.0 = Debug|Any CPU
		{45C2D4FF-53B7-5858-4F8B-440B386B975F}.Release|Any CPU.ActiveCfg = Release|Any CPU
		{45C2D4FF-53B7-5858-4F8B-440B386B975F}.Release|Any CPU.Build.0 = Release|Any CPU
		{9E3F2BD1-676D-AAEA-CCCE-28AA30024F1C}.Debug|Any CPU.ActiveCfg = Debug|Any CPU
		{9E3F2BD1-676D-AAEA-CCCE-28AA30024F1C}.Debug|Any CPU.Build.0 = Debug|Any CPU
		{9E3F2BD1-676D-AAEA-CCCE-28AA30024F1C}.Release|Any CPU.ActiveCfg = Release|Any CPU
		{9E3F2BD1-676D-AAEA-CCCE-28AA30024F1C}.Release|Any CPU.Build.0 = Release|Any CPU
		{11CC3037-439E-DDF9-57FA-FEAB8ABD9F7D}.Debug|Any CPU.ActiveCfg = Debug|Any CPU
		{11CC3037-439E-DDF9-57FA-FEAB8ABD9F7D}.Debug|Any CPU.Build.0 = Debug|Any CPU
		{11CC3037-439E-DDF9-57FA-FEAB8ABD9F7D}.Release|Any CPU.ActiveCfg = Release|Any CPU
		{11CC3037-439E-DDF9-57FA-FEAB8ABD9F7D}.Release|Any CPU.Build.0 = Release|Any CPU
	EndGlobalSection
	GlobalSection(SolutionProperties) = preSolution
		HideSolutionNode = FALSE
	EndGlobalSection
	GlobalSection(MonoDevelopProperties) = preSolution
		StartupItem = Assembly-CSharp.csproj
	EndGlobalSection
EndGlobal
