
Microsoft Visual Studio Solution File, Format Version 11.00
# Visual Studio 2010
Project("{FAE04EC0-301F-11D3-BF4B-00C04F79EFBC}") = "DriveSimulator 2", "Assembly-CSharp-firstpass.csproj", "{A2F754C9-3A60-1AB6-776A-15430007D86A}"
EndProject
Project("{FAE04EC0-301F-11D3-BF4B-00C04F79EFBC}") = "DriveSimulator 2", "Assembly-CSharp.csproj", "{36641D8E-8890-02FB-9AD2-23E1A6BB5BA5}"
EndProject
Project("{FAE04EC0-301F-11D3-BF4B-00C04F79EFBC}") = "DriveSimulator 2", "Assembly-CSharp-Editor.csproj", "{736AA4B4-1B4C-2C7C-0042-BCFC881DA71C}"
EndProject
Global
	GlobalSection(SolutionConfigurationPlatforms) = preSolution
		Debug|Any CPU = Debug|Any CPU
		Release|Any CPU = Release|Any CPU
	EndGlobalSection
	GlobalSection(ProjectConfigurationPlatforms) = postSolution
		{A2F754C9-3A60-1AB6-776A-15430007D86A}.Debug|Any CPU.ActiveCfg = Debug|Any CPU
		{A2F754C9-3A60-1AB6-776A-15430007D86A}.Debug|Any CPU.Build.0 = Debug|Any CPU
		{A2F754C9-3A60-1AB6-776A-15430007D86A}.Release|Any CPU.ActiveCfg = Release|Any CPU
		{A2F754C9-3A60-1AB6-776A-15430007D86A}.Release|Any CPU.Build.0 = Release|Any CPU
		{36641D8E-8890-02FB-9AD2-23E1A6BB5BA5}.Debug|Any CPU.ActiveCfg = Debug|Any CPU
		{36641D8E-8890-02FB-9AD2-23E1A6BB5BA5}.Debug|Any CPU.Build.0 = Debug|Any CPU
		{36641D8E-8890-02FB-9AD2-23E1A6BB5BA5}.Release|Any CPU.ActiveCfg = Release|Any CPU
		{36641D8E-8890-02FB-9AD2-23E1A6BB5BA5}.Release|Any CPU.Build.0 = Release|Any CPU
		{736AA4B4-1B4C-2C7C-0042-BCFC881DA71C}.Debug|Any CPU.ActiveCfg = Debug|Any CPU
		{736AA4B4-1B4C-2C7C-0042-BCFC881DA71C}.Debug|Any CPU.Build.0 = Debug|Any CPU
		{736AA4B4-1B4C-2C7C-0042-BCFC881DA71C}.Release|Any CPU.ActiveCfg = Release|Any CPU
		{736AA4B4-1B4C-2C7C-0042-BCFC881DA71C}.Release|Any CPU.Build.0 = Release|Any CPU
	EndGlobalSection
	GlobalSection(SolutionProperties) = preSolution
		HideSolutionNode = FALSE
	EndGlobalSection
	GlobalSection(MonoDevelopProperties) = preSolution
		StartupItem = Assembly-CSharp.csproj
	EndGlobalSection
EndGlobal
