
Microsoft Visual Studio Solution File, Format Version 11.00
# Visual Studio 2010
Project("{FAE04EC0-301F-11D3-BF4B-00C04F79EFBC}") = "DrivingSimulator_ver0321 2", "Assembly-CSharp-firstpass.csproj", "{8D5BB7DB-034C-AEAD-5DE7-03E40FF2A73F}"
EndProject
Project("{FAE04EC0-301F-11D3-BF4B-00C04F79EFBC}") = "DrivingSimulator_ver0321 2", "Assembly-CSharp.csproj", "{9B8CC3E4-6B42-41D0-D7B8-51CE02F2636F}"
EndProject
Project("{FAE04EC0-301F-11D3-BF4B-00C04F79EFBC}") = "DrivingSimulator_ver0321 2", "Assembly-CSharp-Editor.csproj", "{7043D7AE-4668-A54B-6573-92501C988718}"
EndProject
Global
	GlobalSection(SolutionConfigurationPlatforms) = preSolution
		Debug|Any CPU = Debug|Any CPU
		Release|Any CPU = Release|Any CPU
	EndGlobalSection
	GlobalSection(ProjectConfigurationPlatforms) = postSolution
		{8D5BB7DB-034C-AEAD-5DE7-03E40FF2A73F}.Debug|Any CPU.ActiveCfg = Debug|Any CPU
		{8D5BB7DB-034C-AEAD-5DE7-03E40FF2A73F}.Debug|Any CPU.Build.0 = Debug|Any CPU
		{8D5BB7DB-034C-AEAD-5DE7-03E40FF2A73F}.Release|Any CPU.ActiveCfg = Release|Any CPU
		{8D5BB7DB-034C-AEAD-5DE7-03E40FF2A73F}.Release|Any CPU.Build.0 = Release|Any CPU
		{9B8CC3E4-6B42-41D0-D7B8-51CE02F2636F}.Debug|Any CPU.ActiveCfg = Debug|Any CPU
		{9B8CC3E4-6B42-41D0-D7B8-51CE02F2636F}.Debug|Any CPU.Build.0 = Debug|Any CPU
		{9B8CC3E4-6B42-41D0-D7B8-51CE02F2636F}.Release|Any CPU.ActiveCfg = Release|Any CPU
		{9B8CC3E4-6B42-41D0-D7B8-51CE02F2636F}.Release|Any CPU.Build.0 = Release|Any CPU
		{7043D7AE-4668-A54B-6573-92501C988718}.Debug|Any CPU.ActiveCfg = Debug|Any CPU
		{7043D7AE-4668-A54B-6573-92501C988718}.Debug|Any CPU.Build.0 = Debug|Any CPU
		{7043D7AE-4668-A54B-6573-92501C988718}.Release|Any CPU.ActiveCfg = Release|Any CPU
		{7043D7AE-4668-A54B-6573-92501C988718}.Release|Any CPU.Build.0 = Release|Any CPU
	EndGlobalSection
	GlobalSection(SolutionProperties) = preSolution
		HideSolutionNode = FALSE
	EndGlobalSection
	GlobalSection(MonoDevelopProperties) = preSolution
		StartupItem = Assembly-CSharp.csproj
	EndGlobalSection
EndGlobal
