
Microsoft Visual Studio Solution File, Format Version 11.00
# Visual Studio 2010
Project("{FAE04EC0-301F-11D3-BF4B-00C04F79EFBC}") = "DrivingSimulator_ver0321", "Assembly-CSharp-firstpass.csproj", "{81AD05F4-F32D-2814-222E-BCDFC84B952E}"
EndProject
Project("{FAE04EC0-301F-11D3-BF4B-00C04F79EFBC}") = "DrivingSimulator_ver0321", "Assembly-CSharp.csproj", "{ADDED20C-CC67-4EE4-ACE2-9B4779E15F9B}"
EndProject
Project("{FAE04EC0-301F-11D3-BF4B-00C04F79EFBC}") = "DrivingSimulator_ver0321", "Assembly-CSharp-Editor.csproj", "{BBCB8C09-7A5D-85F9-DB1E-97CF7042FDA9}"
EndProject
Global
	GlobalSection(SolutionConfigurationPlatforms) = preSolution
		Debug|Any CPU = Debug|Any CPU
		Release|Any CPU = Release|Any CPU
	EndGlobalSection
	GlobalSection(ProjectConfigurationPlatforms) = postSolution
		{81AD05F4-F32D-2814-222E-BCDFC84B952E}.Debug|Any CPU.ActiveCfg = Debug|Any CPU
		{81AD05F4-F32D-2814-222E-BCDFC84B952E}.Debug|Any CPU.Build.0 = Debug|Any CPU
		{81AD05F4-F32D-2814-222E-BCDFC84B952E}.Release|Any CPU.ActiveCfg = Release|Any CPU
		{81AD05F4-F32D-2814-222E-BCDFC84B952E}.Release|Any CPU.Build.0 = Release|Any CPU
		{ADDED20C-CC67-4EE4-ACE2-9B4779E15F9B}.Debug|Any CPU.ActiveCfg = Debug|Any CPU
		{ADDED20C-CC67-4EE4-ACE2-9B4779E15F9B}.Debug|Any CPU.Build.0 = Debug|Any CPU
		{ADDED20C-CC67-4EE4-ACE2-9B4779E15F9B}.Release|Any CPU.ActiveCfg = Release|Any CPU
		{ADDED20C-CC67-4EE4-ACE2-9B4779E15F9B}.Release|Any CPU.Build.0 = Release|Any CPU
		{BBCB8C09-7A5D-85F9-DB1E-97CF7042FDA9}.Debug|Any CPU.ActiveCfg = Debug|Any CPU
		{BBCB8C09-7A5D-85F9-DB1E-97CF7042FDA9}.Debug|Any CPU.Build.0 = Debug|Any CPU
		{BBCB8C09-7A5D-85F9-DB1E-97CF7042FDA9}.Release|Any CPU.ActiveCfg = Release|Any CPU
		{BBCB8C09-7A5D-85F9-DB1E-97CF7042FDA9}.Release|Any CPU.Build.0 = Release|Any CPU
	EndGlobalSection
	GlobalSection(SolutionProperties) = preSolution
		HideSolutionNode = FALSE
	EndGlobalSection
	GlobalSection(MonoDevelopProperties) = preSolution
		StartupItem = Assembly-CSharp.csproj
	EndGlobalSection
EndGlobal
