
Microsoft Visual Studio Solution File, Format Version 11.00
# Visual Studio 2010
Project("{FAE04EC0-301F-11D3-BF4B-00C04F79EFBC}") = "DS_ver0411_2", "Assembly-CSharp-firstpass.csproj", "{8591D745-A845-DE4E-48E1-1B0B92CAC897}"
EndProject
Project("{FAE04EC0-301F-11D3-BF4B-00C04F79EFBC}") = "DS_ver0411_2", "Assembly-CSharp.csproj", "{D9666E7F-246C-E53F-7EE6-2B3ABBD8243E}"
EndProject
Project("{FAE04EC0-301F-11D3-BF4B-00C04F79EFBC}") = "DS_ver0411_2", "Assembly-CSharp-Editor.csproj", "{66AA46CE-58E7-F766-B80B-D222902545C4}"
EndProject
Global
	GlobalSection(SolutionConfigurationPlatforms) = preSolution
		Debug|Any CPU = Debug|Any CPU
		Release|Any CPU = Release|Any CPU
	EndGlobalSection
	GlobalSection(ProjectConfigurationPlatforms) = postSolution
		{8591D745-A845-DE4E-48E1-1B0B92CAC897}.Debug|Any CPU.ActiveCfg = Debug|Any CPU
		{8591D745-A845-DE4E-48E1-1B0B92CAC897}.Debug|Any CPU.Build.0 = Debug|Any CPU
		{8591D745-A845-DE4E-48E1-1B0B92CAC897}.Release|Any CPU.ActiveCfg = Release|Any CPU
		{8591D745-A845-DE4E-48E1-1B0B92CAC897}.Release|Any CPU.Build.0 = Release|Any CPU
		{D9666E7F-246C-E53F-7EE6-2B3ABBD8243E}.Debug|Any CPU.ActiveCfg = Debug|Any CPU
		{D9666E7F-246C-E53F-7EE6-2B3ABBD8243E}.Debug|Any CPU.Build.0 = Debug|Any CPU
		{D9666E7F-246C-E53F-7EE6-2B3ABBD8243E}.Release|Any CPU.ActiveCfg = Release|Any CPU
		{D9666E7F-246C-E53F-7EE6-2B3ABBD8243E}.Release|Any CPU.Build.0 = Release|Any CPU
		{66AA46CE-58E7-F766-B80B-D222902545C4}.Debug|Any CPU.ActiveCfg = Debug|Any CPU
		{66AA46CE-58E7-F766-B80B-D222902545C4}.Debug|Any CPU.Build.0 = Debug|Any CPU
		{66AA46CE-58E7-F766-B80B-D222902545C4}.Release|Any CPU.ActiveCfg = Release|Any CPU
		{66AA46CE-58E7-F766-B80B-D222902545C4}.Release|Any CPU.Build.0 = Release|Any CPU
	EndGlobalSection
	GlobalSection(SolutionProperties) = preSolution
		HideSolutionNode = FALSE
	EndGlobalSection
	GlobalSection(MonoDevelopProperties) = preSolution
		StartupItem = Assembly-CSharp.csproj
	EndGlobalSection
EndGlobal
