
Microsoft Visual Studio Solution File, Format Version 11.00
# Visual Studio 2010
Project("{FAE04EC0-301F-11D3-BF4B-00C04F79EFBC}") = "New Track", "Assembly-CSharp-firstpass.csproj", "{85A2EDD3-E172-84D0-2B17-E267A1DA8BC5}"
EndProject
Project("{FAE04EC0-301F-11D3-BF4B-00C04F79EFBC}") = "New Track", "Assembly-CSharp.csproj", "{DF5747EB-BA86-27E3-85FE-DEAEA236F510}"
EndProject
Project("{FAE04EC0-301F-11D3-BF4B-00C04F79EFBC}") = "New Track", "Assembly-CSharp-Editor.csproj", "{AE4D1DF1-5A8A-C09D-568C-37A300DB1F59}"
EndProject
Global
	GlobalSection(SolutionConfigurationPlatforms) = preSolution
		Debug|Any CPU = Debug|Any CPU
		Release|Any CPU = Release|Any CPU
	EndGlobalSection
	GlobalSection(ProjectConfigurationPlatforms) = postSolution
		{85A2EDD3-E172-84D0-2B17-E267A1DA8BC5}.Debug|Any CPU.ActiveCfg = Debug|Any CPU
		{85A2EDD3-E172-84D0-2B17-E267A1DA8BC5}.Debug|Any CPU.Build.0 = Debug|Any CPU
		{85A2EDD3-E172-84D0-2B17-E267A1DA8BC5}.Release|Any CPU.ActiveCfg = Release|Any CPU
		{85A2EDD3-E172-84D0-2B17-E267A1DA8BC5}.Release|Any CPU.Build.0 = Release|Any CPU
		{DF5747EB-BA86-27E3-85FE-DEAEA236F510}.Debug|Any CPU.ActiveCfg = Debug|Any CPU
		{DF5747EB-BA86-27E3-85FE-DEAEA236F510}.Debug|Any CPU.Build.0 = Debug|Any CPU
		{DF5747EB-BA86-27E3-85FE-DEAEA236F510}.Release|Any CPU.ActiveCfg = Release|Any CPU
		{DF5747EB-BA86-27E3-85FE-DEAEA236F510}.Release|Any CPU.Build.0 = Release|Any CPU
		{AE4D1DF1-5A8A-C09D-568C-37A300DB1F59}.Debug|Any CPU.ActiveCfg = Debug|Any CPU
		{AE4D1DF1-5A8A-C09D-568C-37A300DB1F59}.Debug|Any CPU.Build.0 = Debug|Any CPU
		{AE4D1DF1-5A8A-C09D-568C-37A300DB1F59}.Release|Any CPU.ActiveCfg = Release|Any CPU
		{AE4D1DF1-5A8A-C09D-568C-37A300DB1F59}.Release|Any CPU.Build.0 = Release|Any CPU
	EndGlobalSection
	GlobalSection(SolutionProperties) = preSolution
		HideSolutionNode = FALSE
	EndGlobalSection
	GlobalSection(MonoDevelopProperties) = preSolution
		StartupItem = Assembly-CSharp.csproj
	EndGlobalSection
EndGlobal
